
Microsoft Visual Studio Solution File, Format Version 12.00
# Visual Studio 15
VisualStudioVersion = 15.0.28010.2003
MinimumVisualStudioVersion = 10.0.40219.1
Project("{E24C65DC-7377-472B-9ABA-BC803B73C61A}") = "HOTpractise", "HOTpractise\", "{1C15EFCF-1262-4C8E-89AA-F263D9863EC3}"
	ProjectSection(WebsiteProperties) = preProject
		TargetFrameworkMoniker = ".NETFramework,Version%3Dv4.6.1"
		Debug.AspNetCompiler.VirtualPath = "/localhost_51441"
		Debug.AspNetCompiler.PhysicalPath = "HOTpractise\"
		Debug.AspNetCompiler.TargetPath = "PrecompiledWeb\localhost_51441\"
		Debug.AspNetCompiler.Updateable = "true"
		Debug.AspNetCompiler.ForceOverwrite = "true"
		Debug.AspNetCompiler.FixedNames = "false"
		Debug.AspNetCompiler.Debug = "True"
		Release.AspNetCompiler.VirtualPath = "/localhost_51441"
		Release.AspNetCompiler.PhysicalPath = "HOTpractise\"
		Release.AspNetCompiler.TargetPath = "PrecompiledWeb\localhost_51441\"
		Release.AspNetCompiler.Updateable = "true"
		Release.AspNetCompiler.ForceOverwrite = "true"
		Release.AspNetCompiler.FixedNames = "false"
		Release.AspNetCompiler.Debug = "False"
		VWDPort = "51441"
		SlnRelativePath = "HOTpractise\"
		DefaultWebSiteLanguage = "Visual C#"
	EndProjectSection
EndProject
Global
	GlobalSection(SolutionConfigurationPlatforms) = preSolution
		Debug|Any CPU = Debug|Any CPU
	EndGlobalSection
	GlobalSection(ProjectConfigurationPlatforms) = postSolution
		{1C15EFCF-1262-4C8E-89AA-F263D9863EC3}.Debug|Any CPU.ActiveCfg = Debug|Any CPU
		{1C15EFCF-1262-4C8E-89AA-F263D9863EC3}.Debug|Any CPU.Build.0 = Debug|Any CPU
	EndGlobalSection
	GlobalSection(SolutionProperties) = preSolution
		HideSolutionNode = FALSE
	EndGlobalSection
	GlobalSection(ExtensibilityGlobals) = postSolution
		SolutionGuid = {0B3BFD0F-F276-48E7-AD24-7A05CCF8A24E}
	EndGlobalSection
EndGlobal
