
Microsoft Visual Studio Solution File, Format Version 12.00
# Visual Studio 15
VisualStudioVersion = 15.0.28010.2003
MinimumVisualStudioVersion = 10.0.40219.1
Project("{E24C65DC-7377-472B-9ABA-BC803B73C61A}") = "LabExercise-8-Create WebPagesForms", "LabExercise-8-Create WebPagesForms\", "{AE674C5E-8121-45FC-97FF-B62ACDFB42B6}"
	ProjectSection(WebsiteProperties) = preProject
		TargetFrameworkMoniker = ".NETFramework,Version%3Dv4.6.1"
		Debug.AspNetCompiler.VirtualPath = "/localhost_52288"
		Debug.AspNetCompiler.PhysicalPath = "LabExercise-8-Create WebPagesForms\"
		Debug.AspNetCompiler.TargetPath = "PrecompiledWeb\localhost_52288\"
		Debug.AspNetCompiler.Updateable = "true"
		Debug.AspNetCompiler.ForceOverwrite = "true"
		Debug.AspNetCompiler.FixedNames = "false"
		Debug.AspNetCompiler.Debug = "True"
		Release.AspNetCompiler.VirtualPath = "/localhost_52288"
		Release.AspNetCompiler.PhysicalPath = "LabExercise-8-Create WebPagesForms\"
		Release.AspNetCompiler.TargetPath = "PrecompiledWeb\localhost_52288\"
		Release.AspNetCompiler.Updateable = "true"
		Release.AspNetCompiler.ForceOverwrite = "true"
		Release.AspNetCompiler.FixedNames = "false"
		Release.AspNetCompiler.Debug = "False"
		VWDPort = "52288"
		SlnRelativePath = "LabExercise-8-Create WebPagesForms\"
		DefaultWebSiteLanguage = "Visual C#"
	EndProjectSection
EndProject
Global
	GlobalSection(SolutionConfigurationPlatforms) = preSolution
		Debug|Any CPU = Debug|Any CPU
	EndGlobalSection
	GlobalSection(ProjectConfigurationPlatforms) = postSolution
		{AE674C5E-8121-45FC-97FF-B62ACDFB42B6}.Debug|Any CPU.ActiveCfg = Debug|Any CPU
		{AE674C5E-8121-45FC-97FF-B62ACDFB42B6}.Debug|Any CPU.Build.0 = Debug|Any CPU
	EndGlobalSection
	GlobalSection(SolutionProperties) = preSolution
		HideSolutionNode = FALSE
	EndGlobalSection
	GlobalSection(ExtensibilityGlobals) = postSolution
		SolutionGuid = {46F1AB2F-56A2-4D1D-87EC-569A04FA0D10}
	EndGlobalSection
EndGlobal
