
Microsoft Visual Studio Solution File, Format Version 12.00
# Visual Studio 15
VisualStudioVersion = 15.0.28010.2003
MinimumVisualStudioVersion = 10.0.40219.1
Project("{E24C65DC-7377-472B-9ABA-BC803B73C61A}") = "LabExercise-10-DataBase", "LabExercise-10-DataBase\", "{07F98565-1FBD-477D-B482-01C0369E8F9E}"
	ProjectSection(WebsiteProperties) = preProject
		TargetFrameworkMoniker = ".NETFramework,Version%3Dv4.6.1"
		Debug.AspNetCompiler.VirtualPath = "/localhost_55252"
		Debug.AspNetCompiler.PhysicalPath = "LabExercise-10-DataBase\"
		Debug.AspNetCompiler.TargetPath = "PrecompiledWeb\localhost_55252\"
		Debug.AspNetCompiler.Updateable = "true"
		Debug.AspNetCompiler.ForceOverwrite = "true"
		Debug.AspNetCompiler.FixedNames = "false"
		Debug.AspNetCompiler.Debug = "True"
		Release.AspNetCompiler.VirtualPath = "/localhost_55252"
		Release.AspNetCompiler.PhysicalPath = "LabExercise-10-DataBase\"
		Release.AspNetCompiler.TargetPath = "PrecompiledWeb\localhost_55252\"
		Release.AspNetCompiler.Updateable = "true"
		Release.AspNetCompiler.ForceOverwrite = "true"
		Release.AspNetCompiler.FixedNames = "false"
		Release.AspNetCompiler.Debug = "False"
		VWDPort = "55252"
		SlnRelativePath = "LabExercise-10-DataBase\"
		DefaultWebSiteLanguage = "Visual C#"
	EndProjectSection
EndProject
Global
	GlobalSection(SolutionConfigurationPlatforms) = preSolution
		Debug|Any CPU = Debug|Any CPU
	EndGlobalSection
	GlobalSection(ProjectConfigurationPlatforms) = postSolution
		{07F98565-1FBD-477D-B482-01C0369E8F9E}.Debug|Any CPU.ActiveCfg = Debug|Any CPU
		{07F98565-1FBD-477D-B482-01C0369E8F9E}.Debug|Any CPU.Build.0 = Debug|Any CPU
	EndGlobalSection
	GlobalSection(SolutionProperties) = preSolution
		HideSolutionNode = FALSE
	EndGlobalSection
	GlobalSection(ExtensibilityGlobals) = postSolution
		SolutionGuid = {1ADD6C5A-6BD2-4D89-8F48-84BE6ECA8E0A}
	EndGlobalSection
EndGlobal
