
Microsoft Visual Studio Solution File, Format Version 12.00
# Visual Studio 15
VisualStudioVersion = 15.0.28010.2003
MinimumVisualStudioVersion = 10.0.40219.1
Project("{E24C65DC-7377-472B-9ABA-BC803B73C61A}") = "Exercise7-Validation", "Exercise7-Validation\", "{887C15F4-5286-491A-BEC2-18046DEBAF4E}"
	ProjectSection(WebsiteProperties) = preProject
		TargetFrameworkMoniker = ".NETFramework,Version%3Dv4.6.1"
		Debug.AspNetCompiler.VirtualPath = "/localhost_52227"
		Debug.AspNetCompiler.PhysicalPath = "Exercise7-Validation\"
		Debug.AspNetCompiler.TargetPath = "PrecompiledWeb\localhost_52227\"
		Debug.AspNetCompiler.Updateable = "true"
		Debug.AspNetCompiler.ForceOverwrite = "true"
		Debug.AspNetCompiler.FixedNames = "false"
		Debug.AspNetCompiler.Debug = "True"
		Release.AspNetCompiler.VirtualPath = "/localhost_52227"
		Release.AspNetCompiler.PhysicalPath = "Exercise7-Validation\"
		Release.AspNetCompiler.TargetPath = "PrecompiledWeb\localhost_52227\"
		Release.AspNetCompiler.Updateable = "true"
		Release.AspNetCompiler.ForceOverwrite = "true"
		Release.AspNetCompiler.FixedNames = "false"
		Release.AspNetCompiler.Debug = "False"
		VWDPort = "52227"
		SlnRelativePath = "Exercise7-Validation\"
		DefaultWebSiteLanguage = "Visual C#"
	EndProjectSection
EndProject
Global
	GlobalSection(SolutionConfigurationPlatforms) = preSolution
		Debug|Any CPU = Debug|Any CPU
	EndGlobalSection
	GlobalSection(ProjectConfigurationPlatforms) = postSolution
		{887C15F4-5286-491A-BEC2-18046DEBAF4E}.Debug|Any CPU.ActiveCfg = Debug|Any CPU
		{887C15F4-5286-491A-BEC2-18046DEBAF4E}.Debug|Any CPU.Build.0 = Debug|Any CPU
	EndGlobalSection
	GlobalSection(SolutionProperties) = preSolution
		HideSolutionNode = FALSE
	EndGlobalSection
	GlobalSection(ExtensibilityGlobals) = postSolution
		SolutionGuid = {F8B1A20A-31CD-4EFA-A7F0-8BBDC4A06768}
	EndGlobalSection
EndGlobal
