
Microsoft Visual Studio Solution File, Format Version 12.00
# Visual Studio 15
VisualStudioVersion = 15.0.28010.2003
MinimumVisualStudioVersion = 10.0.40219.1
Project("{E24C65DC-7377-472B-9ABA-BC803B73C61A}") = "Lab5", "Lab5\", "{02C11465-4AB7-42E3-B182-DDACC0231044}"
	ProjectSection(WebsiteProperties) = preProject
		TargetFrameworkMoniker = ".NETFramework,Version%3Dv4.6.1"
		Debug.AspNetCompiler.VirtualPath = "/localhost_49735"
		Debug.AspNetCompiler.PhysicalPath = "Lab5\"
		Debug.AspNetCompiler.TargetPath = "PrecompiledWeb\localhost_49735\"
		Debug.AspNetCompiler.Updateable = "true"
		Debug.AspNetCompiler.ForceOverwrite = "true"
		Debug.AspNetCompiler.FixedNames = "false"
		Debug.AspNetCompiler.Debug = "True"
		Release.AspNetCompiler.VirtualPath = "/localhost_49735"
		Release.AspNetCompiler.PhysicalPath = "Lab5\"
		Release.AspNetCompiler.TargetPath = "PrecompiledWeb\localhost_49735\"
		Release.AspNetCompiler.Updateable = "true"
		Release.AspNetCompiler.ForceOverwrite = "true"
		Release.AspNetCompiler.FixedNames = "false"
		Release.AspNetCompiler.Debug = "False"
		VWDPort = "49735"
		SlnRelativePath = "Lab5\"
		DefaultWebSiteLanguage = "Visual C#"
	EndProjectSection
EndProject
Global
	GlobalSection(SolutionConfigurationPlatforms) = preSolution
		Debug|Any CPU = Debug|Any CPU
	EndGlobalSection
	GlobalSection(ProjectConfigurationPlatforms) = postSolution
		{02C11465-4AB7-42E3-B182-DDACC0231044}.Debug|Any CPU.ActiveCfg = Debug|Any CPU
		{02C11465-4AB7-42E3-B182-DDACC0231044}.Debug|Any CPU.Build.0 = Debug|Any CPU
	EndGlobalSection
	GlobalSection(SolutionProperties) = preSolution
		HideSolutionNode = FALSE
	EndGlobalSection
	GlobalSection(ExtensibilityGlobals) = postSolution
		SolutionGuid = {A7771387-512C-4569-8EF9-A439131C1F13}
	EndGlobalSection
EndGlobal
