
Microsoft Visual Studio Solution File, Format Version 12.00
# Visual Studio 15
VisualStudioVersion = 15.0.28010.2003
MinimumVisualStudioVersion = 10.0.40219.1
Project("{FAE04EC0-301F-11D3-BF4B-00C04F79EFBC}") = "NeuralNetworkProject", "NeuralNetworkProject\NeuralNetworkProject.csproj", "{B148F4A1-E5DE-4005-8D00-068514AC09F1}"
EndProject
Global
	GlobalSection(SolutionConfigurationPlatforms) = preSolution
		Debug|Any CPU = Debug|Any CPU
		Release|Any CPU = Release|Any CPU
	EndGlobalSection
	GlobalSection(ProjectConfigurationPlatforms) = postSolution
		{B148F4A1-E5DE-4005-8D00-068514AC09F1}.Debug|Any CPU.ActiveCfg = Debug|Any CPU
		{B148F4A1-E5DE-4005-8D00-068514AC09F1}.Debug|Any CPU.Build.0 = Debug|Any CPU
		{B148F4A1-E5DE-4005-8D00-068514AC09F1}.Release|Any CPU.ActiveCfg = Release|Any CPU
		{B148F4A1-E5DE-4005-8D00-068514AC09F1}.Release|Any CPU.Build.0 = Release|Any CPU
	EndGlobalSection
	GlobalSection(SolutionProperties) = preSolution
		HideSolutionNode = FALSE
	EndGlobalSection
	GlobalSection(ExtensibilityGlobals) = postSolution
		SolutionGuid = {86C1C52F-219D-45A1-B81A-A74E82102792}
	EndGlobalSection
EndGlobal
